
Microsoft Visual Studio Solution File, Format Version 12.00
# Visual Studio Version 17
VisualStudioVersion = 17.14.36623.8
MinimumVisualStudioVersion = 10.0.40219.1
Project("{FAE04EC0-301F-11D3-BF4B-00C04F79EFBC}") = "App4di.Dotnet.ChronoView.Infrastructure", "App4di.Dotnet.ChronoView.Infrastructure\App4di.Dotnet.ChronoView.Infrastructure.csproj", "{F9F30021-50EC-4426-A814-49944AD585EF}"
EndProject
Project("{FAE04EC0-301F-11D3-BF4B-00C04F79EFBC}") = "App4di.Dotnet.ChronoView.WinUI", "App4di.Dotnet.ChronoView.WinUI\App4di.Dotnet.ChronoView.WinUI.csproj", "{FD304482-7D4A-499B-B4E2-060A3F052EAD}"
EndProject
Global
	GlobalSection(SolutionConfigurationPlatforms) = preSolution
		Debug|Any CPU = Debug|Any CPU
		Release|Any CPU = Release|Any CPU
	EndGlobalSection
	GlobalSection(ProjectConfigurationPlatforms) = postSolution
		{F9F30021-50EC-4426-A814-49944AD585EF}.Debug|Any CPU.ActiveCfg = Debug|Any CPU
		{F9F30021-50EC-4426-A814-49944AD585EF}.Debug|Any CPU.Build.0 = Debug|Any CPU
		{F9F30021-50EC-4426-A814-49944AD585EF}.Release|Any CPU.ActiveCfg = Release|Any CPU
		{F9F30021-50EC-4426-A814-49944AD585EF}.Release|Any CPU.Build.0 = Release|Any CPU
		{FD304482-7D4A-499B-B4E2-060A3F052EAD}.Debug|Any CPU.ActiveCfg = Debug|x64
		{FD304482-7D4A-499B-B4E2-060A3F052EAD}.Debug|Any CPU.Build.0 = Debug|x64
		{FD304482-7D4A-499B-B4E2-060A3F052EAD}.Debug|Any CPU.Deploy.0 = Debug|x64
		{FD304482-7D4A-499B-B4E2-060A3F052EAD}.Release|Any CPU.ActiveCfg = Release|x64
		{FD304482-7D4A-499B-B4E2-060A3F052EAD}.Release|Any CPU.Build.0 = Release|x64
		{FD304482-7D4A-499B-B4E2-060A3F052EAD}.Release|Any CPU.Deploy.0 = Release|x64
	EndGlobalSection
	GlobalSection(SolutionProperties) = preSolution
		HideSolutionNode = FALSE
	EndGlobalSection
	GlobalSection(ExtensibilityGlobals) = postSolution
		SolutionGuid = {BCF3CA9D-BA35-4673-887A-B3A047D0CF26}
	EndGlobalSection
EndGlobal
